
Microsoft Visual Studio Solution File, Format Version 12.00
# Visual Studio Version 16
VisualStudioVersion = 16.0.30128.74
MinimumVisualStudioVersion = 10.0.40219.1
Project("{9A19103F-16F7-4668-BE54-9A1E7A4F7556}") = "Core", "Core\Core.csproj", "{69F3D384-C426-4E00-9EF7-C0B55D010C40}"
EndProject
Project("{FAE04EC0-301F-11D3-BF4B-00C04F79EFBC}") = "ConsoleApp1", "ConsoleApp1\ConsoleApp1.csproj", "{22C15691-CA01-4CD4-AAB3-1132FF886C88}"
	ProjectSection(ProjectDependencies) = postProject
		{69F3D384-C426-4E00-9EF7-C0B55D010C40} = {69F3D384-C426-4E00-9EF7-C0B55D010C40}
	EndProjectSection
EndProject
Project("{FAE04EC0-301F-11D3-BF4B-00C04F79EFBC}") = "AVui", "AVui\AVui.csproj", "{60C48815-5B9C-4CF1-BB12-BA9DA7430CBF}"
EndProject
Global
	GlobalSection(SolutionConfigurationPlatforms) = preSolution
		Debug|Any CPU = Debug|Any CPU
		Release|Any CPU = Release|Any CPU
	EndGlobalSection
	GlobalSection(ProjectConfigurationPlatforms) = postSolution
		{69F3D384-C426-4E00-9EF7-C0B55D010C40}.Debug|Any CPU.ActiveCfg = Debug|Any CPU
		{69F3D384-C426-4E00-9EF7-C0B55D010C40}.Debug|Any CPU.Build.0 = Debug|Any CPU
		{69F3D384-C426-4E00-9EF7-C0B55D010C40}.Release|Any CPU.ActiveCfg = Release|Any CPU
		{69F3D384-C426-4E00-9EF7-C0B55D010C40}.Release|Any CPU.Build.0 = Release|Any CPU
		{22C15691-CA01-4CD4-AAB3-1132FF886C88}.Debug|Any CPU.ActiveCfg = Debug|Any CPU
		{22C15691-CA01-4CD4-AAB3-1132FF886C88}.Debug|Any CPU.Build.0 = Debug|Any CPU
		{22C15691-CA01-4CD4-AAB3-1132FF886C88}.Release|Any CPU.ActiveCfg = Release|Any CPU
		{22C15691-CA01-4CD4-AAB3-1132FF886C88}.Release|Any CPU.Build.0 = Release|Any CPU
		{60C48815-5B9C-4CF1-BB12-BA9DA7430CBF}.Debug|Any CPU.ActiveCfg = Debug|Any CPU
		{60C48815-5B9C-4CF1-BB12-BA9DA7430CBF}.Debug|Any CPU.Build.0 = Debug|Any CPU
		{60C48815-5B9C-4CF1-BB12-BA9DA7430CBF}.Release|Any CPU.ActiveCfg = Release|Any CPU
		{60C48815-5B9C-4CF1-BB12-BA9DA7430CBF}.Release|Any CPU.Build.0 = Release|Any CPU
	EndGlobalSection
	GlobalSection(SolutionProperties) = preSolution
		HideSolutionNode = FALSE
	EndGlobalSection
	GlobalSection(ExtensibilityGlobals) = postSolution
		SolutionGuid = {07418312-C217-4BB3-AFA0-DEA9879F1BD4}
	EndGlobalSection
EndGlobal
